// !$*UTF8*$!
{
	archiveVersion = 1;
	classes = {
	};
	objectVersion = 50;
	objects = {

/* Begin PBXBuildFile section */
		F0CDE5A1249061FC002DD027 /* AppDelegate.swift in Sources */ = {isa = PBXBuildFile; fileRef = F0CDE5A0249061FC002DD027 /* AppDelegate.swift */; };
		F0CDE5A3249061FC002DD027 /* SceneDelegate.swift in Sources */ = {isa = PBXBuildFile; fileRef = F0CDE5A2249061FC002DD027 /* SceneDelegate.swift */; };
		F0CDE5A5249061FC002DD027 /* ContentView.swift in Sources */ = {isa = PBXBuildFile; fileRef = F0CDE5A4249061FC002DD027 /* ContentView.swift */; };
		F0CDE5A7249061FD002DD027 /* Assets.xcassets in Resources */ = {isa = PBXBuildFile; fileRef = F0CDE5A6249061FD002DD027 /* Assets.xcassets */; };
		F0CDE5AA249061FD002DD027 /* Preview Assets.xcassets in Resources */ = {isa = PBXBuildFile; fileRef = F0CDE5A9249061FD002DD027 /* Preview Assets.xcassets */; };
		F0CDE5AD249061FD002DD027 /* LaunchScreen.storyboard in Resources */ = {isa = PBXBuildFile; fileRef = F0CDE5AB249061FD002DD027 /* LaunchScreen.storyboard */; };
		F0CDE5B8249061FD002DD027 /* NewsAppTests.swift in Sources */ = {isa = PBXBuildFile; fileRef = F0CDE5B7249061FD002DD027 /* NewsAppTests.swift */; };
		F0CDE5C3249061FD002DD027 /* NewsAppUITests.swift in Sources */ = {isa = PBXBuildFile; fileRef = F0CDE5C2249061FD002DD027 /* NewsAppUITests.swift */; };
/* End PBXBuildFile section */

/* Begin PBXContainerItemProxy section */
		F0CDE5B4249061FD002DD027 /* PBXContainerItemProxy */ = {
			isa = PBXContainerItemProxy;
			containerPortal = F0CDE595249061FC002DD027 /* Project object */;
			proxyType = 1;
			remoteGlobalIDString = F0CDE59C249061FC002DD027;
			remoteInfo = NewsApp;
		};
		F0CDE5BF249061FD002DD027 /* PBXContainerItemProxy */ = {
			isa = PBXContainerItemProxy;
			containerPortal = F0CDE595249061FC002DD027 /* Project object */;
			proxyType = 1;
			remoteGlobalIDString = F0CDE59C249061FC002DD027;
			remoteInfo = NewsApp;
		};
/* End PBXContainerItemProxy section */

/* Begin PBXFileReference section */
		F0CDE59D249061FC002DD027 /* NewsApp.app */ = {isa = PBXFileReference; explicitFileType = wrapper.application; includeInIndex = 0; path = NewsApp.app; sourceTree = BUILT_PRODUCTS_DIR; };
		F0CDE5A0249061FC002DD027 /* AppDelegate.swift */ = {isa = PBXFileReference; lastKnownFileType = sourcecode.swift; path = AppDelegate.swift; sourceTree = "<group>"; };
		F0CDE5A2249061FC002DD027 /* SceneDelegate.swift */ = {isa = PBXFileReference; lastKnownFileType = sourcecode.swift; path = SceneDelegate.swift; sourceTree = "<group>"; };
		F0CDE5A4249061FC002DD027 /* ContentView.swift */ = {isa = PBXFileReference; lastKnownFileType = sourcecode.swift; path = ContentView.swift; sourceTree = "<group>"; };
		F0CDE5A6249061FD002DD027 /* Assets.xcassets */ = {isa = PBXFileReference; lastKnownFileType = folder.assetcatalog; path = Assets.xcassets; sourceTree = "<group>"; };
		F0CDE5A9249061FD002DD027 /* Preview Assets.xcassets */ = {isa = PBXFileReference; lastKnownFileType = folder.assetcatalog; path = "Preview Assets.xcassets"; sourceTree = "<group>"; };
		F0CDE5AC249061FD002DD027 /* Base */ = {isa = PBXFileReference; lastKnownFileType = file.storyboard; name = Base; path = Base.lproj/LaunchScreen.storyboard; sourceTree = "<group>"; };
		F0CDE5AE249061FD002DD027 /* Info.plist */ = {isa = PBXFileReference; lastKnownFileType = text.plist.xml; path = Info.plist; sourceTree = "<group>"; };
		F0CDE5B3249061FD002DD027 /* NewsAppTests.xctest */ = {isa = PBXFileReference; explicitFileType = wrapper.cfbundle; includeInIndex = 0; path = NewsAppTests.xctest; sourceTree = BUILT_PRODUCTS_DIR; };
		F0CDE5B7249061FD002DD027 /* NewsAppTests.swift */ = {isa = PBXFileReference; lastKnownFileType = sourcecode.swift; path = NewsAppTests.swift; sourceTree = "<group>"; };
		F0CDE5B9249061FD002DD027 /* Info.plist */ = {isa = PBXFileReference; lastKnownFileType = text.plist.xml; path = Info.plist; sourceTree = "<group>"; };
		F0CDE5BE249061FD002DD027 /* NewsAppUITests.xctest */ = {isa = PBXFileReference; explicitFileType = wrapper.cfbundle; includeInIndex = 0; path = NewsAppUITests.xctest; sourceTree = BUILT_PRODUCTS_DIR; };
		F0CDE5C2249061FD002DD027 /* NewsAppUITests.swift */ = {isa = PBXFileReference; lastKnownFileType = sourcecode.swift; path = NewsAppUITests.swift; sourceTree = "<group>"; };
		F0CDE5C4249061FD002DD027 /* Info.plist */ = {isa = PBXFileReference; lastKnownFileType = text.plist.xml; path = Info.plist; sourceTree = "<group>"; };
/* End PBXFileReference section */

/* Begin PBXFrameworksBuildPhase section */
		F0CDE59A249061FC002DD027 /* Frameworks */ = {
			isa = PBXFrameworksBuildPhase;
			buildActionMask = 2147483647;
			files = (
			);
			runOnlyForDeploymentPostprocessing = 0;
		};
		F0CDE5B0249061FD002DD027 /* Frameworks */ = {
			isa = PBXFrameworksBuildPhase;
			buildActionMask = 2147483647;
			files = (
			);
			runOnlyForDeploymentPostprocessing = 0;
		};
		F0CDE5BB249061FD002DD027 /* Frameworks */ = {
			isa = PBXFrameworksBuildPhase;
			buildActionMask = 2147483647;
			files = (
			);
			runOnlyForDeploymentPostprocessing = 0;
		};
/* End PBXFrameworksBuildPhase section */

/* Begin PBXGroup section */
		F0CDE594249061FC002DD027 = {
			isa = PBXGroup;
			children = (
				F0CDE59F249061FC002DD027 /* NewsApp */,
				F0CDE5B6249061FD002DD027 /* NewsAppTests */,
				F0CDE5C1249061FD002DD027 /* NewsAppUITests */,
				F0CDE59E249061FC002DD027 /* Products */,
			);
			sourceTree = "<group>";
		};
		F0CDE59E249061FC002DD027 /* Products */ = {
			isa = PBXGroup;
			children = (
				F0CDE59D249061FC002DD027 /* NewsApp.app */,
				F0CDE5B3249061FD002DD027 /* NewsAppTests.xctest */,
				F0CDE5BE249061FD002DD027 /* NewsAppUITests.xctest */,
			);
			name = Products;
			sourceTree = "<group>";
		};
		F0CDE59F249061FC002DD027 /* NewsApp */ = {
			isa = PBXGroup;
			children = (
				F0CDE5A0249061FC002DD027 /* AppDelegate.swift */,
				F0CDE5A2249061FC002DD027 /* SceneDelegate.swift */,
				F0CDE5A4249061FC002DD027 /* ContentView.swift */,
				F0CDE5A6249061FD002DD027 /* Assets.xcassets */,
				F0CDE5AB249061FD002DD027 /* LaunchScreen.storyboard */,
				F0CDE5AE249061FD002DD027 /* Info.plist */,
				F0CDE5A8249061FD002DD027 /* Preview Content */,
			);
			path = NewsApp;
			sourceTree = "<group>";
		};
		F0CDE5A8249061FD002DD027 /* Preview Content */ = {
			isa = PBXGroup;
			children = (
				F0CDE5A9249061FD002DD027 /* Preview Assets.xcassets */,
			);
			path = "Preview Content";
			sourceTree = "<group>";
		};
		F0CDE5B6249061FD002DD027 /* NewsAppTests */ = {
			isa = PBXGroup;
			children = (
				F0CDE5B7249061FD002DD027 /* NewsAppTests.swift */,
				F0CDE5B9249061FD002DD027 /* Info.plist */,
			);
			path = NewsAppTests;
			sourceTree = "<group>";
		};
		F0CDE5C1249061FD002DD027 /* NewsAppUITests */ = {
			isa = PBXGroup;
			children = (
				F0CDE5C2249061FD002DD027 /* NewsAppUITests.swift */,
				F0CDE5C4249061FD002DD027 /* Info.plist */,
			);
			path = NewsAppUITests;
			sourceTree = "<group>";
		};
/* End PBXGroup section */

/* Begin PBXNativeTarget section */
		F0CDE59C249061FC002DD027 /* NewsApp */ = {
			isa = PBXNativeTarget;
			buildConfigurationList = F0CDE5C7249061FD002DD027 /* Build configuration list for PBXNativeTarget "NewsApp" */;
			buildPhases = (
				F0CDE599249061FC002DD027 /* Sources */,
				F0CDE59A249061FC002DD027 /* Frameworks */,
				F0CDE59B249061FC002DD027 /* Resources */,
			);
			buildRules = (
			);
			dependencies = (
			);
			name = NewsApp;
			productName = NewsApp;
			productReference = F0CDE59D249061FC002DD027 /* NewsApp.app */;
			productType = "com.apple.product-type.application";
		};
		F0CDE5B2249061FD002DD027 /* NewsAppTests */ = {
			isa = PBXNativeTarget;
			buildConfigurationList = F0CDE5CA249061FD002DD027 /* Build configuration list for PBXNativeTarget "NewsAppTests" */;
			buildPhases = (
				F0CDE5AF249061FD002DD027 /* Sources */,
				F0CDE5B0249061FD002DD027 /* Frameworks */,
				F0CDE5B1249061FD002DD027 /* Resources */,
			);
			buildRules = (
			);
			dependencies = (
				F0CDE5B5249061FD002DD027 /* PBXTargetDependency */,
			);
			name = NewsAppTests;
			productName = NewsAppTests;
			productReference = F0CDE5B3249061FD002DD027 /* NewsAppTests.xctest */;
			productType = "com.apple.product-type.bundle.unit-test";
		};
		F0CDE5BD249061FD002DD027 /* NewsAppUITests */ = {
			isa = PBXNativeTarget;
			buildConfigurationList = F0CDE5CD249061FD002DD027 /* Build configuration list for PBXNativeTarget "NewsAppUITests" */;
			buildPhases = (
				F0CDE5BA249061FD002DD027 /* Sources */,
				F0CDE5BB249061FD002DD027 /* Frameworks */,
				F0CDE5BC249061FD002DD027 /* Resources */,
			);
			buildRules = (
			);
			dependencies = (
				F0CDE5C0249061FD002DD027 /* PBXTargetDependency */,
			);
			name = NewsAppUITests;
			productName = NewsAppUITests;
			productReference = F0CDE5BE249061FD002DD027 /* NewsAppUITests.xctest */;
			productType = "com.apple.product-type.bundle.ui-testing";
		};
/* End PBXNativeTarget section */

/* Begin PBXProject section */
		F0CDE595249061FC002DD027 /* Project object */ = {
			isa = PBXProject;
			attributes = {
				LastSwiftUpdateCheck = 1150;
				LastUpgradeCheck = 1150;
				ORGANIZATIONNAME = "Nagarajan, Karunakaran(AWF)";
				TargetAttributes = {
					F0CDE59C249061FC002DD027 = {
						CreatedOnToolsVersion = 11.5;
					};
					F0CDE5B2249061FD002DD027 = {
						CreatedOnToolsVersion = 11.5;
						TestTargetID = F0CDE59C249061FC002DD027;
					};
					F0CDE5BD249061FD002DD027 = {
						CreatedOnToolsVersion = 11.5;
						TestTargetID = F0CDE59C249061FC002DD027;
					};
				};
			};
			buildConfigurationList = F0CDE598249061FC002DD027 /* Build configuration list for PBXProject "NewsApp" */;
			compatibilityVersion = "Xcode 9.3";
			developmentRegion = en;
			hasScannedForEncodings = 0;
			knownRegions = (
				en,
				Base,
			);
			mainGroup = F0CDE594249061FC002DD027;
			productRefGroup = F0CDE59E249061FC002DD027 /* Products */;
			projectDirPath = "";
			projectRoot = "";
			targets = (
				F0CDE59C249061FC002DD027 /* NewsApp */,
				F0CDE5B2249061FD002DD027 /* NewsAppTests */,
				F0CDE5BD249061FD002DD027 /* NewsAppUITests */,
			);
		};
/* End PBXProject section */

/* Begin PBXResourcesBuildPhase section */
		F0CDE59B249061FC002DD027 /* Resources */ = {
			isa = PBXResourcesBuildPhase;
			buildActionMask = 2147483647;
			files = (
				F0CDE5AD249061FD002DD027 /* LaunchScreen.storyboard in Resources */,
				F0CDE5AA249061FD002DD027 /* Preview Assets.xcassets in Resources */,
				F0CDE5A7249061FD002DD027 /* Assets.xcassets in Resources */,
			);
			runOnlyForDeploymentPostprocessing = 0;
		};
		F0CDE5B1249061FD002DD027 /* Resources */ = {
			isa = PBXResourcesBuildPhase;
			buildActionMask = 2147483647;
			files = (
			);
			runOnlyForDeploymentPostprocessing = 0;
		};
		F0CDE5BC249061FD002DD027 /* Resources */ = {
			isa = PBXResourcesBuildPhase;
			buildActionMask = 2147483647;
			files = (
			);
			runOnlyForDeploymentPostprocessing = 0;
		};
/* End PBXResourcesBuildPhase section */

/* Begin PBXSourcesBuildPhase section */
		F0CDE599249061FC002DD027 /* Sources */ = {
			isa = PBXSourcesBuildPhase;
			buildActionMask = 2147483647;
			files = (
				F0CDE5A1249061FC002DD027 /* AppDelegate.swift in Sources */,
				F0CDE5A3249061FC002DD027 /* SceneDelegate.swift in Sources */,
				F0CDE5A5249061FC002DD027 /* ContentView.swift in Sources */,
			);
			runOnlyForDeploymentPostprocessing = 0;
		};
		F0CDE5AF249061FD002DD027 /* Sources */ = {
			isa = PBXSourcesBuildPhase;
			buildActionMask = 2147483647;
			files = (
				F0CDE5B8249061FD002DD027 /* NewsAppTests.swift in Sources */,
			);
			runOnlyForDeploymentPostprocessing = 0;
		};
		F0CDE5BA249061FD002DD027 /* Sources */ = {
			isa = PBXSourcesBuildPhase;
			buildActionMask = 2147483647;
			files = (
				F0CDE5C3249061FD002DD027 /* NewsAppUITests.swift in Sources */,
			);
			runOnlyForDeploymentPostprocessing = 0;
		};
/* End PBXSourcesBuildPhase section */

/* Begin PBXTargetDependency section */
		F0CDE5B5249061FD002DD027 /* PBXTargetDependency */ = {
			isa = PBXTargetDependency;
			target = F0CDE59C249061FC002DD027 /* NewsApp */;
			targetProxy = F0CDE5B4249061FD002DD027 /* PBXContainerItemProxy */;
		};
		F0CDE5C0249061FD002DD027 /* PBXTargetDependency */ = {
			isa = PBXTargetDependency;
			target = F0CDE59C249061FC002DD027 /* NewsApp */;
			targetProxy = F0CDE5BF249061FD002DD027 /* PBXContainerItemProxy */;
		};
/* End PBXTargetDependency section */

/* Begin PBXVariantGroup section */
		F0CDE5AB249061FD002DD027 /* LaunchScreen.storyboard */ = {
			isa = PBXVariantGroup;
			children = (
				F0CDE5AC249061FD002DD027 /* Base */,
			);
			name = LaunchScreen.storyboard;
			sourceTree = "<group>";
		};
/* End PBXVariantGroup section */

/* Begin XCBuildConfiguration section */
		F0CDE5C5249061FD002DD027 /* Debug */ = {
			isa = XCBuildConfiguration;
			buildSettings = {
				ALWAYS_SEARCH_USER_PATHS = NO;
				CLANG_ANALYZER_NONNULL = YES;
				CLANG_ANALYZER_NUMBER_OBJECT_CONVERSION = YES_AGGRESSIVE;
				CLANG_CXX_LANGUAGE_STANDARD = "gnu++14";
				CLANG_CXX_LIBRARY = "libc++";
				CLANG_ENABLE_MODULES = YES;
				CLANG_ENABLE_OBJC_ARC = YES;
				CLANG_ENABLE_OBJC_WEAK = YES;
				CLANG_WARN_BLOCK_CAPTURE_AUTORELEASING = YES;
				CLANG_WARN_BOOL_CONVERSION = YES;
				CLANG_WARN_COMMA = YES;
				CLANG_WARN_CONSTANT_CONVERSION = YES;
				CLANG_WARN_DEPRECATED_OBJC_IMPLEMENTATIONS = YES;
				CLANG_WARN_DIRECT_OBJC_ISA_USAGE = YES_ERROR;
				CLANG_WARN_DOCUMENTATION_COMMENTS = YES;
				CLANG_WARN_EMPTY_BODY = YES;
				CLANG_WARN_ENUM_CONVERSION = YES;
				CLANG_WARN_INFINITE_RECURSION = YES;
				CLANG_WARN_INT_CONVERSION = YES;
				CLANG_WARN_NON_LITERAL_NULL_CONVERSION = YES;
				CLANG_WARN_OBJC_IMPLICIT_RETAIN_SELF = YES;
				CLANG_WARN_OBJC_LITERAL_CONVERSION = YES;
				CLANG_WARN_OBJC_ROOT_CLASS = YES_ERROR;
				CLANG_WARN_RANGE_LOOP_ANALYSIS = YES;
				CLANG_WARN_STRICT_PROTOTYPES = YES;
				CLANG_WARN_SUSPICIOUS_MOVE = YES;
				CLANG_WARN_UNGUARDED_AVAILABILITY = YES_AGGRESSIVE;
				CLANG_WARN_UNREACHABLE_CODE = YES;
				CLANG_WARN__DUPLICATE_METHOD_MATCH = YES;
				COPY_PHASE_STRIP = NO;
				DEBUG_INFORMATION_FORMAT = dwarf;
				ENABLE_STRICT_OBJC_MSGSEND = YES;
				ENABLE_TESTABILITY = YES;
				GCC_C_LANGUAGE_STANDARD = gnu11;
				GCC_DYNAMIC_NO_PIC = NO;
				GCC_NO_COMMON_BLOCKS = YES;
				GCC_OPTIMIZATION_LEVEL = 0;
				GCC_PREPROCESSOR_DEFINITIONS = (
					"DEBUG=1",
					"$(inherited)",
				);
				GCC_WARN_64_TO_32_BIT_CONVERSION = YES;
				GCC_WARN_ABOUT_RETURN_TYPE = YES_ERROR;
				GCC_WARN_UNDECLARED_SELECTOR = YES;
				GCC_WARN_UNINITIALIZED_AUTOS = YES_AGGRESSIVE;
				GCC_WARN_UNUSED_FUNCTION = YES;
				GCC_WARN_UNUSED_VARIABLE = YES;
				IPHONEOS_DEPLOYMENT_TARGET = 13.5;
				MTL_ENABLE_DEBUG_INFO = INCLUDE_SOURCE;
				MTL_FAST_MATH = YES;
				ONLY_ACTIVE_ARCH = YES;
				SDKROOT = iphoneos;
				SWIFT_ACTIVE_COMPILATION_CONDITIONS = DEBUG;
				SWIFT_OPTIMIZATION_LEVEL = "-Onone";
			};
			name = Debug;
		};
		F0CDE5C6249061FD002DD027 /* Release */ = {
			isa = XCBuildConfiguration;
			buildSettings = {
				ALWAYS_SEARCH_USER_PATHS = NO;
				CLANG_ANALYZER_NONNULL = YES;
				CLANG_ANALYZER_NUMBER_OBJECT_CONVERSION = YES_AGGRESSIVE;
				CLANG_CXX_LANGUAGE_STANDARD = "gnu++14";
				CLANG_CXX_LIBRARY = "libc++";
				CLANG_ENABLE_MODULES = YES;
				CLANG_ENABLE_OBJC_ARC = YES;
				CLANG_ENABLE_OBJC_WEAK = YES;
				CLANG_WARN_BLOCK_CAPTURE_AUTORELEASING = YES;
				CLANG_WARN_BOOL_CONVERSION = YES;
				CLANG_WARN_COMMA = YES;
				CLANG_WARN_CONSTANT_CONVERSION = YES;
				CLANG_WARN_DEPRECATED_OBJC_IMPLEMENTATIONS = YES;
				CLANG_WARN_DIRECT_OBJC_ISA_USAGE = YES_ERROR;
				CLANG_WARN_DOCUMENTATION_COMMENTS = YES;
				CLANG_WARN_EMPTY_BODY = YES;
				CLANG_WARN_ENUM_CONVERSION = YES;
				CLANG_WARN_INFINITE_RECURSION = YES;
				CLANG_WARN_INT_CONVERSION = YES;
				CLANG_WARN_NON_LITERAL_NULL_CONVERSION = YES;
				CLANG_WARN_OBJC_IMPLICIT_RETAIN_SELF = YES;
				CLANG_WARN_OBJC_LITERAL_CONVERSION = YES;
				CLANG_WARN_OBJC_ROOT_CLASS = YES_ERROR;
				CLANG_WARN_RANGE_LOOP_ANALYSIS = YES;
				CLANG_WARN_STRICT_PROTOTYPES = YES;
				CLANG_WARN_SUSPICIOUS_MOVE = YES;
				CLANG_WARN_UNGUARDED_AVAILABILITY = YES_AGGRESSIVE;
				CLANG_WARN_UNREACHABLE_CODE = YES;
				CLANG_WARN__DUPLICATE_METHOD_MATCH = YES;
				COPY_PHASE_STRIP = NO;
				DEBUG_INFORMATION_FORMAT = "dwarf-with-dsym";
				ENABLE_NS_ASSERTIONS = NO;
				ENABLE_STRICT_OBJC_MSGSEND = YES;
				GCC_C_LANGUAGE_STANDARD = gnu11;
				GCC_NO_COMMON_BLOCKS = YES;
				GCC_WARN_64_TO_32_BIT_CONVERSION = YES;
				GCC_WARN_ABOUT_RETURN_TYPE = YES_ERROR;
				GCC_WARN_UNDECLARED_SELECTOR = YES;
				GCC_WARN_UNINITIALIZED_AUTOS = YES_AGGRESSIVE;
				GCC_WARN_UNUSED_FUNCTION = YES;
				GCC_WARN_UNUSED_VARIABLE = YES;
				IPHONEOS_DEPLOYMENT_TARGET = 13.5;
				MTL_ENABLE_DEBUG_INFO = NO;
				MTL_FAST_MATH = YES;
				SDKROOT = iphoneos;
				SWIFT_COMPILATION_MODE = wholemodule;
				SWIFT_OPTIMIZATION_LEVEL = "-O";
				VALIDATE_PRODUCT = YES;
			};
			name = Release;
		};
		F0CDE5C8249061FD002DD027 /* Debug */ = {
			isa = XCBuildConfiguration;
			buildSettings = {
				ASSETCATALOG_COMPILER_APPICON_NAME = AppIcon;
				CODE_SIGN_STYLE = Automatic;
				DEVELOPMENT_ASSET_PATHS = "\"NewsApp/Preview Content\"";
				ENABLE_PREVIEWS = YES;
				INFOPLIST_FILE = NewsApp/Info.plist;
				LD_RUNPATH_SEARCH_PATHS = (
					"$(inherited)",
					"@executable_path/Frameworks",
				);
				PRODUCT_BUNDLE_IDENTIFIER = com.karuna.assignment.NewsApp;
				PRODUCT_NAME = "$(TARGET_NAME)";
				SWIFT_VERSION = 5.0;
				TARGETED_DEVICE_FAMILY = "1,2";
			};
			name = Debug;
		};
		F0CDE5C9249061FD002DD027 /* Release */ = {
			isa = XCBuildConfiguration;
			buildSettings = {
				ASSETCATALOG_COMPILER_APPICON_NAME = AppIcon;
				CODE_SIGN_STYLE = Automatic;
				DEVELOPMENT_ASSET_PATHS = "\"NewsApp/Preview Content\"";
				ENABLE_PREVIEWS = YES;
				INFOPLIST_FILE = NewsApp/Info.plist;
				LD_RUNPATH_SEARCH_PATHS = (
					"$(inherited)",
					"@executable_path/Frameworks",
				);
				PRODUCT_BUNDLE_IDENTIFIER = com.karuna.assignment.NewsApp;
				PRODUCT_NAME = "$(TARGET_NAME)";
				SWIFT_VERSION = 5.0;
				TARGETED_DEVICE_FAMILY = "1,2";
			};
			name = Release;
		};
		F0CDE5CB249061FD002DD027 /* Debug */ = {
			isa = XCBuildConfiguration;
			buildSettings = {
				ALWAYS_EMBED_SWIFT_STANDARD_LIBRARIES = YES;
				BUNDLE_LOADER = "$(TEST_HOST)";
				CODE_SIGN_STYLE = Automatic;
				INFOPLIST_FILE = NewsAppTests/Info.plist;
				IPHONEOS_DEPLOYMENT_TARGET = 13.5;
				LD_RUNPATH_SEARCH_PATHS = (
					"$(inherited)",
					"@executable_path/Frameworks",
					"@loader_path/Frameworks",
				);
				PRODUCT_BUNDLE_IDENTIFIER = com.karuna.assignment.NewsAppTests;
				PRODUCT_NAME = "$(TARGET_NAME)";
				SWIFT_VERSION = 5.0;
				TARGETED_DEVICE_FAMILY = "1,2";
				TEST_HOST = "$(BUILT_PRODUCTS_DIR)/NewsApp.app/NewsApp";
			};
			name = Debug;
		};
		F0CDE5CC249061FD002DD027 /* Release */ = {
			isa = XCBuildConfiguration;
			buildSettings = {
				ALWAYS_EMBED_SWIFT_STANDARD_LIBRARIES = YES;
				BUNDLE_LOADER = "$(TEST_HOST)";
				CODE_SIGN_STYLE = Automatic;
				INFOPLIST_FILE = NewsAppTests/Info.plist;
				IPHONEOS_DEPLOYMENT_TARGET = 13.5;
				LD_RUNPATH_SEARCH_PATHS = (
					"$(inherited)",
					"@executable_path/Frameworks",
					"@loader_path/Frameworks",
				);
				PRODUCT_BUNDLE_IDENTIFIER = com.karuna.assignment.NewsAppTests;
				PRODUCT_NAME = "$(TARGET_NAME)";
				SWIFT_VERSION = 5.0;
				TARGETED_DEVICE_FAMILY = "1,2";
				TEST_HOST = "$(BUILT_PRODUCTS_DIR)/NewsApp.app/NewsApp";
			};
			name = Release;
		};
		F0CDE5CE249061FD002DD027 /* Debug */ = {
			isa = XCBuildConfiguration;
			buildSettings = {
				ALWAYS_EMBED_SWIFT_STANDARD_LIBRARIES = YES;
				CODE_SIGN_STYLE = Automatic;
				INFOPLIST_FILE = NewsAppUITests/Info.plist;
				LD_RUNPATH_SEARCH_PATHS = (
					"$(inherited)",
					"@executable_path/Frameworks",
					"@loader_path/Frameworks",
				);
				PRODUCT_BUNDLE_IDENTIFIER = com.karuna.assignment.NewsAppUITests;
				PRODUCT_NAME = "$(TARGET_NAME)";
				SWIFT_VERSION = 5.0;
				TARGETED_DEVICE_FAMILY = "1,2";
				TEST_TARGET_NAME = NewsApp;
			};
			name = Debug;
		};
		F0CDE5CF249061FD002DD027 /* Release */ = {
			isa = XCBuildConfiguration;
			buildSettings = {
				ALWAYS_EMBED_SWIFT_STANDARD_LIBRARIES = YES;
				CODE_SIGN_STYLE = Automatic;
				INFOPLIST_FILE = NewsAppUITests/Info.plist;
				LD_RUNPATH_SEARCH_PATHS = (
					"$(inherited)",
					"@executable_path/Frameworks",
					"@loader_path/Frameworks",
				);
				PRODUCT_BUNDLE_IDENTIFIER = com.karuna.assignment.NewsAppUITests;
				PRODUCT_NAME = "$(TARGET_NAME)";
				SWIFT_VERSION = 5.0;
				TARGETED_DEVICE_FAMILY = "1,2";
				TEST_TARGET_NAME = NewsApp;
			};
			name = Release;
		};
/* End XCBuildConfiguration section */

/* Begin XCConfigurationList section */
		F0CDE598249061FC002DD027 /* Build configuration list for PBXProject "NewsApp" */ = {
			isa = XCConfigurationList;
			buildConfigurations = (
				F0CDE5C5249061FD002DD027 /* Debug */,
				F0CDE5C6249061FD002DD027 /* Release */,
			);
			defaultConfigurationIsVisible = 0;
			defaultConfigurationName = Release;
		};
		F0CDE5C7249061FD002DD027 /* Build configuration list for PBXNativeTarget "NewsApp" */ = {
			isa = XCConfigurationList;
			buildConfigurations = (
				F0CDE5C8249061FD002DD027 /* Debug */,
				F0CDE5C9249061FD002DD027 /* Release */,
			);
			defaultConfigurationIsVisible = 0;
			defaultConfigurationName = Release;
		};
		F0CDE5CA249061FD002DD027 /* Build configuration list for PBXNativeTarget "NewsAppTests" */ = {
			isa = XCConfigurationList;
			buildConfigurations = (
				F0CDE5CB249061FD002DD027 /* Debug */,
				F0CDE5CC249061FD002DD027 /* Release */,
			);
			defaultConfigurationIsVisible = 0;
			defaultConfigurationName = Release;
		};
		F0CDE5CD249061FD002DD027 /* Build configuration list for PBXNativeTarget "NewsAppUITests" */ = {
			isa = XCConfigurationList;
			buildConfigurations = (
				F0CDE5CE249061FD002DD027 /* Debug */,
				F0CDE5CF249061FD002DD027 /* Release */,
			);
			defaultConfigurationIsVisible = 0;
			defaultConfigurationName = Release;
		};
/* End XCConfigurationList section */
	};
	rootObject = F0CDE595249061FC002DD027 /* Project object */;
}
